// !$*UTF8*$!
{
	archiveVersion = 1;
	classes = {
	};
	objectVersion = 52;
	objects = {

/* Begin PBXBuildFile section */
		CD0F7191265E6BD7003E2683 /* inst_cloneApp.swift in Sources */ = {isa = PBXBuildFile; fileRef = CD0F7190265E6BD7003E2683 /* inst_cloneApp.swift */; };
		CD0F7193265E6BD8003E2683 /* ContentView.swift in Sources */ = {isa = PBXBuildFile; fileRef = CD0F7192265E6BD8003E2683 /* ContentView.swift */; };
		CD0F7195265E6BD8003E2683 /* Assets.xcassets in Resources */ = {isa = PBXBuildFile; fileRef = CD0F7194265E6BD8003E2683 /* Assets.xcassets */; };
		CD0F7198265E6BD8003E2683 /* Preview Assets.xcassets in Resources */ = {isa = PBXBuildFile; fileRef = CD0F7197265E6BD8003E2683 /* Preview Assets.xcassets */; };
		CD0F71A1265E6E95003E2683 /* Alamofire in Frameworks */ = {isa = PBXBuildFile; productRef = CD0F71A0265E6E95003E2683 /* Alamofire */; };
		CD0F71A3265E6F03003E2683 /* InstCore.swift in Sources */ = {isa = PBXBuildFile; fileRef = CD0F71A2265E6F03003E2683 /* InstCore.swift */; };
		CD0F71A5265E7573003E2683 /* PicsumItem.swift in Sources */ = {isa = PBXBuildFile; fileRef = CD0F71A4265E7573003E2683 /* PicsumItem.swift */; };
		CD0F71A7265E9305003E2683 /* ImageView.swift in Sources */ = {isa = PBXBuildFile; fileRef = CD0F71A6265E9305003E2683 /* ImageView.swift */; };
		CD0F71A9265EF368003E2683 /* DetailView.swift in Sources */ = {isa = PBXBuildFile; fileRef = CD0F71A8265EF368003E2683 /* DetailView.swift */; };
		CD6A18FD265FA0DD00D6C056 /* AlamofireURLCache5 in Frameworks */ = {isa = PBXBuildFile; productRef = CD6A18FC265FA0DD00D6C056 /* AlamofireURLCache5 */; };
/* End PBXBuildFile section */

/* Begin PBXFileReference section */
		CD0F718D265E6BD7003E2683 /* inst-clone.app */ = {isa = PBXFileReference; explicitFileType = wrapper.application; includeInIndex = 0; path = "inst-clone.app"; sourceTree = BUILT_PRODUCTS_DIR; };
		CD0F7190265E6BD7003E2683 /* inst_cloneApp.swift */ = {isa = PBXFileReference; lastKnownFileType = sourcecode.swift; path = inst_cloneApp.swift; sourceTree = "<group>"; };
		CD0F7192265E6BD8003E2683 /* ContentView.swift */ = {isa = PBXFileReference; lastKnownFileType = sourcecode.swift; path = ContentView.swift; sourceTree = "<group>"; };
		CD0F7194265E6BD8003E2683 /* Assets.xcassets */ = {isa = PBXFileReference; lastKnownFileType = folder.assetcatalog; path = Assets.xcassets; sourceTree = "<group>"; };
		CD0F7197265E6BD8003E2683 /* Preview Assets.xcassets */ = {isa = PBXFileReference; lastKnownFileType = folder.assetcatalog; path = "Preview Assets.xcassets"; sourceTree = "<group>"; };
		CD0F7199265E6BD8003E2683 /* Info.plist */ = {isa = PBXFileReference; lastKnownFileType = text.plist.xml; path = Info.plist; sourceTree = "<group>"; };
		CD0F71A2265E6F03003E2683 /* InstCore.swift */ = {isa = PBXFileReference; lastKnownFileType = sourcecode.swift; path = InstCore.swift; sourceTree = "<group>"; };
		CD0F71A4265E7573003E2683 /* PicsumItem.swift */ = {isa = PBXFileReference; lastKnownFileType = sourcecode.swift; path = PicsumItem.swift; sourceTree = "<group>"; };
		CD0F71A6265E9305003E2683 /* ImageView.swift */ = {isa = PBXFileReference; lastKnownFileType = sourcecode.swift; path = ImageView.swift; sourceTree = "<group>"; };
		CD0F71A8265EF368003E2683 /* DetailView.swift */ = {isa = PBXFileReference; lastKnownFileType = sourcecode.swift; path = DetailView.swift; sourceTree = "<group>"; };
/* End PBXFileReference section */

/* Begin PBXFrameworksBuildPhase section */
		CD0F718A265E6BD7003E2683 /* Frameworks */ = {
			isa = PBXFrameworksBuildPhase;
			buildActionMask = 2147483647;
			files = (
				CD6A18FD265FA0DD00D6C056 /* AlamofireURLCache5 in Frameworks */,
				CD0F71A1265E6E95003E2683 /* Alamofire in Frameworks */,
			);
			runOnlyForDeploymentPostprocessing = 0;
		};
/* End PBXFrameworksBuildPhase section */

/* Begin PBXGroup section */
		CD0F7184265E6BD7003E2683 = {
			isa = PBXGroup;
			children = (
				CD0F718F265E6BD7003E2683 /* inst-clone */,
				CD0F718E265E6BD7003E2683 /* Products */,
			);
			sourceTree = "<group>";
		};
		CD0F718E265E6BD7003E2683 /* Products */ = {
			isa = PBXGroup;
			children = (
				CD0F718D265E6BD7003E2683 /* inst-clone.app */,
			);
			name = Products;
			sourceTree = "<group>";
		};
		CD0F718F265E6BD7003E2683 /* inst-clone */ = {
			isa = PBXGroup;
			children = (
				CD0F7190265E6BD7003E2683 /* inst_cloneApp.swift */,
				CD0F7192265E6BD8003E2683 /* ContentView.swift */,
				CD0F71A8265EF368003E2683 /* DetailView.swift */,
				CD0F71A6265E9305003E2683 /* ImageView.swift */,
				CD0F71A2265E6F03003E2683 /* InstCore.swift */,
				CD0F71A4265E7573003E2683 /* PicsumItem.swift */,
				CD0F7194265E6BD8003E2683 /* Assets.xcassets */,
				CD0F7199265E6BD8003E2683 /* Info.plist */,
				CD0F7196265E6BD8003E2683 /* Preview Content */,
			);
			path = "inst-clone";
			sourceTree = "<group>";
		};
		CD0F7196265E6BD8003E2683 /* Preview Content */ = {
			isa = PBXGroup;
			children = (
				CD0F7197265E6BD8003E2683 /* Preview Assets.xcassets */,
			);
			path = "Preview Content";
			sourceTree = "<group>";
		};
/* End PBXGroup section */

/* Begin PBXNativeTarget section */
		CD0F718C265E6BD7003E2683 /* inst-clone */ = {
			isa = PBXNativeTarget;
			buildConfigurationList = CD0F719C265E6BD8003E2683 /* Build configuration list for PBXNativeTarget "inst-clone" */;
			buildPhases = (
				CD0F7189265E6BD7003E2683 /* Sources */,
				CD0F718A265E6BD7003E2683 /* Frameworks */,
				CD0F718B265E6BD7003E2683 /* Resources */,
			);
			buildRules = (
			);
			dependencies = (
			);
			name = "inst-clone";
			packageProductDependencies = (
				CD0F71A0265E6E95003E2683 /* Alamofire */,
				CD6A18FC265FA0DD00D6C056 /* AlamofireURLCache5 */,
			);
			productName = "inst-clone";
			productReference = CD0F718D265E6BD7003E2683 /* inst-clone.app */;
			productType = "com.apple.product-type.application";
		};
/* End PBXNativeTarget section */

/* Begin PBXProject section */
		CD0F7185265E6BD7003E2683 /* Project object */ = {
			isa = PBXProject;
			attributes = {
				LastSwiftUpdateCheck = 1250;
				LastUpgradeCheck = 1250;
				TargetAttributes = {
					CD0F718C265E6BD7003E2683 = {
						CreatedOnToolsVersion = 12.5;
					};
				};
			};
			buildConfigurationList = CD0F7188265E6BD7003E2683 /* Build configuration list for PBXProject "inst-clone" */;
			compatibilityVersion = "Xcode 9.3";
			developmentRegion = en;
			hasScannedForEncodings = 0;
			knownRegions = (
				en,
				Base,
			);
			mainGroup = CD0F7184265E6BD7003E2683;
			packageReferences = (
				CD0F719F265E6E95003E2683 /* XCRemoteSwiftPackageReference "Alamofire" */,
				CD6A18FB265FA0DD00D6C056 /* XCRemoteSwiftPackageReference "AlamofireURLCache" */,
			);
			productRefGroup = CD0F718E265E6BD7003E2683 /* Products */;
			projectDirPath = "";
			projectRoot = "";
			targets = (
				CD0F718C265E6BD7003E2683 /* inst-clone */,
			);
		};
/* End PBXProject section */

/* Begin PBXResourcesBuildPhase section */
		CD0F718B265E6BD7003E2683 /* Resources */ = {
			isa = PBXResourcesBuildPhase;
			buildActionMask = 2147483647;
			files = (
				CD0F7198265E6BD8003E2683 /* Preview Assets.xcassets in Resources */,
				CD0F7195265E6BD8003E2683 /* Assets.xcassets in Resources */,
			);
			runOnlyForDeploymentPostprocessing = 0;
		};
/* End PBXResourcesBuildPhase section */

/* Begin PBXSourcesBuildPhase section */
		CD0F7189265E6BD7003E2683 /* Sources */ = {
			isa = PBXSourcesBuildPhase;
			buildActionMask = 2147483647;
			files = (
				CD0F71A7265E9305003E2683 /* ImageView.swift in Sources */,
				CD0F71A9265EF368003E2683 /* DetailView.swift in Sources */,
				CD0F7193265E6BD8003E2683 /* ContentView.swift in Sources */,
				CD0F71A3265E6F03003E2683 /* InstCore.swift in Sources */,
				CD0F7191265E6BD7003E2683 /* inst_cloneApp.swift in Sources */,
				CD0F71A5265E7573003E2683 /* PicsumItem.swift in Sources */,
			);
			runOnlyForDeploymentPostprocessing = 0;
		};
/* End PBXSourcesBuildPhase section */

/* Begin XCBuildConfiguration section */
		CD0F719A265E6BD8003E2683 /* Debug */ = {
			isa = XCBuildConfiguration;
			buildSettings = {
				ALWAYS_SEARCH_USER_PATHS = NO;
				CLANG_ANALYZER_NONNULL = YES;
				CLANG_ANALYZER_NUMBER_OBJECT_CONVERSION = YES_AGGRESSIVE;
				CLANG_CXX_LANGUAGE_STANDARD = "gnu++14";
				CLANG_CXX_LIBRARY = "libc++";
				CLANG_ENABLE_MODULES = YES;
				CLANG_ENABLE_OBJC_ARC = YES;
				CLANG_ENABLE_OBJC_WEAK = YES;
				CLANG_WARN_BLOCK_CAPTURE_AUTORELEASING = YES;
				CLANG_WARN_BOOL_CONVERSION = YES;
				CLANG_WARN_COMMA = YES;
				CLANG_WARN_CONSTANT_CONVERSION = YES;
				CLANG_WARN_DEPRECATED_OBJC_IMPLEMENTATIONS = YES;
				CLANG_WARN_DIRECT_OBJC_ISA_USAGE = YES_ERROR;
				CLANG_WARN_DOCUMENTATION_COMMENTS = YES;
				CLANG_WARN_EMPTY_BODY = YES;
				CLANG_WARN_ENUM_CONVERSION = YES;
				CLANG_WARN_INFINITE_RECURSION = YES;
				CLANG_WARN_INT_CONVERSION = YES;
				CLANG_WARN_NON_LITERAL_NULL_CONVERSION = YES;
				CLANG_WARN_OBJC_IMPLICIT_RETAIN_SELF = YES;
				CLANG_WARN_OBJC_LITERAL_CONVERSION = YES;
				CLANG_WARN_OBJC_ROOT_CLASS = YES_ERROR;
				CLANG_WARN_QUOTED_INCLUDE_IN_FRAMEWORK_HEADER = YES;
				CLANG_WARN_RANGE_LOOP_ANALYSIS = YES;
				CLANG_WARN_STRICT_PROTOTYPES = YES;
				CLANG_WARN_SUSPICIOUS_MOVE = YES;
				CLANG_WARN_UNGUARDED_AVAILABILITY = YES_AGGRESSIVE;
				CLANG_WARN_UNREACHABLE_CODE = YES;
				CLANG_WARN__DUPLICATE_METHOD_MATCH = YES;
				COPY_PHASE_STRIP = NO;
				DEBUG_INFORMATION_FORMAT = dwarf;
				ENABLE_STRICT_OBJC_MSGSEND = YES;
				ENABLE_TESTABILITY = YES;
				GCC_C_LANGUAGE_STANDARD = gnu11;
				GCC_DYNAMIC_NO_PIC = NO;
				GCC_NO_COMMON_BLOCKS = YES;
				GCC_OPTIMIZATION_LEVEL = 0;
				GCC_PREPROCESSOR_DEFINITIONS = (
					"DEBUG=1",
					"$(inherited)",
				);
				GCC_WARN_64_TO_32_BIT_CONVERSION = YES;
				GCC_WARN_ABOUT_RETURN_TYPE = YES_ERROR;
				GCC_WARN_UNDECLARED_SELECTOR = YES;
				GCC_WARN_UNINITIALIZED_AUTOS = YES_AGGRESSIVE;
				GCC_WARN_UNUSED_FUNCTION = YES;
				GCC_WARN_UNUSED_VARIABLE = YES;
				IPHONEOS_DEPLOYMENT_TARGET = 14.5;
				MTL_ENABLE_DEBUG_INFO = INCLUDE_SOURCE;
				MTL_FAST_MATH = YES;
				ONLY_ACTIVE_ARCH = YES;
				SDKROOT = iphoneos;
				SWIFT_ACTIVE_COMPILATION_CONDITIONS = DEBUG;
				SWIFT_OPTIMIZATION_LEVEL = "-Onone";
			};
			name = Debug;
		};
		CD0F719B265E6BD8003E2683 /* Release */ = {
			isa = XCBuildConfiguration;
			buildSettings = {
				ALWAYS_SEARCH_USER_PATHS = NO;
				CLANG_ANALYZER_NONNULL = YES;
				CLANG_ANALYZER_NUMBER_OBJECT_CONVERSION = YES_AGGRESSIVE;
				CLANG_CXX_LANGUAGE_STANDARD = "gnu++14";
				CLANG_CXX_LIBRARY = "libc++";
				CLANG_ENABLE_MODULES = YES;
				CLANG_ENABLE_OBJC_ARC = YES;
				CLANG_ENABLE_OBJC_WEAK = YES;
				CLANG_WARN_BLOCK_CAPTURE_AUTORELEASING = YES;
				CLANG_WARN_BOOL_CONVERSION = YES;
				CLANG_WARN_COMMA = YES;
				CLANG_WARN_CONSTANT_CONVERSION = YES;
				CLANG_WARN_DEPRECATED_OBJC_IMPLEMENTATIONS = YES;
				CLANG_WARN_DIRECT_OBJC_ISA_USAGE = YES_ERROR;
				CLANG_WARN_DOCUMENTATION_COMMENTS = YES;
				CLANG_WARN_EMPTY_BODY = YES;
				CLANG_WARN_ENUM_CONVERSION = YES;
				CLANG_WARN_INFINITE_RECURSION = YES;
				CLANG_WARN_INT_CONVERSION = YES;
				CLANG_WARN_NON_LITERAL_NULL_CONVERSION = YES;
				CLANG_WARN_OBJC_IMPLICIT_RETAIN_SELF = YES;
				CLANG_WARN_OBJC_LITERAL_CONVERSION = YES;
				CLANG_WARN_OBJC_ROOT_CLASS = YES_ERROR;
				CLANG_WARN_QUOTED_INCLUDE_IN_FRAMEWORK_HEADER = YES;
				CLANG_WARN_RANGE_LOOP_ANALYSIS = YES;
				CLANG_WARN_STRICT_PROTOTYPES = YES;
				CLANG_WARN_SUSPICIOUS_MOVE = YES;
				CLANG_WARN_UNGUARDED_AVAILABILITY = YES_AGGRESSIVE;
				CLANG_WARN_UNREACHABLE_CODE = YES;
				CLANG_WARN__DUPLICATE_METHOD_MATCH = YES;
				COPY_PHASE_STRIP = NO;
				DEBUG_INFORMATION_FORMAT = "dwarf-with-dsym";
				ENABLE_NS_ASSERTIONS = NO;
				ENABLE_STRICT_OBJC_MSGSEND = YES;
				GCC_C_LANGUAGE_STANDARD = gnu11;
				GCC_NO_COMMON_BLOCKS = YES;
				GCC_WARN_64_TO_32_BIT_CONVERSION = YES;
				GCC_WARN_ABOUT_RETURN_TYPE = YES_ERROR;
				GCC_WARN_UNDECLARED_SELECTOR = YES;
				GCC_WARN_UNINITIALIZED_AUTOS = YES_AGGRESSIVE;
				GCC_WARN_UNUSED_FUNCTION = YES;
				GCC_WARN_UNUSED_VARIABLE = YES;
				IPHONEOS_DEPLOYMENT_TARGET = 14.5;
				MTL_ENABLE_DEBUG_INFO = NO;
				MTL_FAST_MATH = YES;
				SDKROOT = iphoneos;
				SWIFT_COMPILATION_MODE = wholemodule;
				SWIFT_OPTIMIZATION_LEVEL = "-O";
				VALIDATE_PRODUCT = YES;
			};
			name = Release;
		};
		CD0F719D265E6BD8003E2683 /* Debug */ = {
			isa = XCBuildConfiguration;
			buildSettings = {
				ASSETCATALOG_COMPILER_APPICON_NAME = AppIcon;
				ASSETCATALOG_COMPILER_GLOBAL_ACCENT_COLOR_NAME = AccentColor;
				CODE_SIGN_STYLE = Automatic;
				DEVELOPMENT_ASSET_PATHS = "\"inst-clone/Preview Content\"";
				DEVELOPMENT_TEAM = Z7788V56C7;
				ENABLE_PREVIEWS = YES;
				INFOPLIST_FILE = "inst-clone/Info.plist";
				IPHONEOS_DEPLOYMENT_TARGET = 14.0;
				LD_RUNPATH_SEARCH_PATHS = (
					"$(inherited)",
					"@executable_path/Frameworks",
				);
				PRODUCT_BUNDLE_IDENTIFIER = "com.vladvrublevsky.inst-clone";
				PRODUCT_NAME = "$(TARGET_NAME)";
				SWIFT_VERSION = 5.0;
				TARGETED_DEVICE_FAMILY = "1,2";
			};
			name = Debug;
		};
		CD0F719E265E6BD8003E2683 /* Release */ = {
			isa = XCBuildConfiguration;
			buildSettings = {
				ASSETCATALOG_COMPILER_APPICON_NAME = AppIcon;
				ASSETCATALOG_COMPILER_GLOBAL_ACCENT_COLOR_NAME = AccentColor;
				CODE_SIGN_STYLE = Automatic;
				DEVELOPMENT_ASSET_PATHS = "\"inst-clone/Preview Content\"";
				DEVELOPMENT_TEAM = Z7788V56C7;
				ENABLE_PREVIEWS = YES;
				INFOPLIST_FILE = "inst-clone/Info.plist";
				IPHONEOS_DEPLOYMENT_TARGET = 14.0;
				LD_RUNPATH_SEARCH_PATHS = (
					"$(inherited)",
					"@executable_path/Frameworks",
				);
				PRODUCT_BUNDLE_IDENTIFIER = "com.vladvrublevsky.inst-clone";
				PRODUCT_NAME = "$(TARGET_NAME)";
				SWIFT_VERSION = 5.0;
				TARGETED_DEVICE_FAMILY = "1,2";
			};
			name = Release;
		};
/* End XCBuildConfiguration section */

/* Begin XCConfigurationList section */
		CD0F7188265E6BD7003E2683 /* Build configuration list for PBXProject "inst-clone" */ = {
			isa = XCConfigurationList;
			buildConfigurations = (
				CD0F719A265E6BD8003E2683 /* Debug */,
				CD0F719B265E6BD8003E2683 /* Release */,
			);
			defaultConfigurationIsVisible = 0;
			defaultConfigurationName = Release;
		};
		CD0F719C265E6BD8003E2683 /* Build configuration list for PBXNativeTarget "inst-clone" */ = {
			isa = XCConfigurationList;
			buildConfigurations = (
				CD0F719D265E6BD8003E2683 /* Debug */,
				CD0F719E265E6BD8003E2683 /* Release */,
			);
			defaultConfigurationIsVisible = 0;
			defaultConfigurationName = Release;
		};
/* End XCConfigurationList section */

/* Begin XCRemoteSwiftPackageReference section */
		CD0F719F265E6E95003E2683 /* XCRemoteSwiftPackageReference "Alamofire" */ = {
			isa = XCRemoteSwiftPackageReference;
			repositoryURL = "https://github.com/Alamofire/Alamofire.git";
			requirement = {
				kind = upToNextMajorVersion;
				minimumVersion = 5.4.3;
			};
		};
		CD6A18FB265FA0DD00D6C056 /* XCRemoteSwiftPackageReference "AlamofireURLCache" */ = {
			isa = XCRemoteSwiftPackageReference;
			repositoryURL = "https://github.com/HarshitDaftary/AlamofireURLCache.git";
			requirement = {
				kind = upToNextMajorVersion;
				minimumVersion = 0.5.1;
			};
		};
/* End XCRemoteSwiftPackageReference section */

/* Begin XCSwiftPackageProductDependency section */
		CD0F71A0265E6E95003E2683 /* Alamofire */ = {
			isa = XCSwiftPackageProductDependency;
			package = CD0F719F265E6E95003E2683 /* XCRemoteSwiftPackageReference "Alamofire" */;
			productName = Alamofire;
		};
		CD6A18FC265FA0DD00D6C056 /* AlamofireURLCache5 */ = {
			isa = XCSwiftPackageProductDependency;
			package = CD6A18FB265FA0DD00D6C056 /* XCRemoteSwiftPackageReference "AlamofireURLCache" */;
			productName = AlamofireURLCache5;
		};
/* End XCSwiftPackageProductDependency section */
	};
	rootObject = CD0F7185265E6BD7003E2683 /* Project object */;
}
